
Microsoft Visual Studio Solution File, Format Version 12.00
# Visual Studio Version 17
VisualStudioVersion = 17.12.35527.113
MinimumVisualStudioVersion = 10.0.40219.1
Project("{54A90642-561A-4BB1-A94E-469ADEE60C69}") = "QuantisSite", "quantissite\QuantisSite.esproj", "{0AB75F46-D7C9-4129-B3A1-D6FA457C0484}"
EndProject
Global
	GlobalSection(SolutionConfigurationPlatforms) = preSolution
		Debug|Any CPU = Debug|Any CPU
		Release|Any CPU = Release|Any CPU
	EndGlobalSection
	GlobalSection(ProjectConfigurationPlatforms) = postSolution
		{0AB75F46-D7C9-4129-B3A1-D6FA457C0484}.Debug|Any CPU.ActiveCfg = Debug|Any CPU
		{0AB75F46-D7C9-4129-B3A1-D6FA457C0484}.Debug|Any CPU.Build.0 = Debug|Any CPU
		{0AB75F46-D7C9-4129-B3A1-D6FA457C0484}.Debug|Any CPU.Deploy.0 = Debug|Any CPU
		{0AB75F46-D7C9-4129-B3A1-D6FA457C0484}.Release|Any CPU.ActiveCfg = Release|Any CPU
		{0AB75F46-D7C9-4129-B3A1-D6FA457C0484}.Release|Any CPU.Build.0 = Release|Any CPU
		{0AB75F46-D7C9-4129-B3A1-D6FA457C0484}.Release|Any CPU.Deploy.0 = Release|Any CPU
	EndGlobalSection
	GlobalSection(SolutionProperties) = preSolution
		HideSolutionNode = FALSE
	EndGlobalSection
EndGlobal
